
Microsoft Visual Studio Solution File, Format Version 12.00
# Visual Studio 15
Project("{FAE04EC0-301F-11D3-BF4B-00C04F79EFBC}") = "ColorPop", "ColorPop.csproj", "{47E444CE-5768-8357-0F05-552EEEDC6659}"
EndProject
Project("{FAE04EC0-301F-11D3-BF4B-00C04F79EFBC}") = "ColorPop.Editor", "ColorPop.Editor.csproj", "{34A78D87-73CC-816E-1076-E7D2A8E0316D}"
EndProject
Global
	GlobalSection(SolutionConfigurationPlatforms) = preSolution
		Debug|Any CPU = Debug|Any CPU
		Release|Any CPU = Release|Any CPU
	EndGlobalSection
	GlobalSection(ProjectConfigurationPlatforms) = postSolution
		{47E444CE-5768-8357-0F05-552EEEDC6659}.Debug|Any CPU.ActiveCfg = Debug|Any CPU
		{47E444CE-5768-8357-0F05-552EEEDC6659}.Debug|Any CPU.Build.0 = Debug|Any CPU
		{47E444CE-5768-8357-0F05-552EEEDC6659}.Release|Any CPU.ActiveCfg = Release|Any CPU
		{47E444CE-5768-8357-0F05-552EEEDC6659}.Release|Any CPU.Build.0 = Release|Any CPU
		{34A78D87-73CC-816E-1076-E7D2A8E0316D}.Debug|Any CPU.ActiveCfg = Debug|Any CPU
		{34A78D87-73CC-816E-1076-E7D2A8E0316D}.Debug|Any CPU.Build.0 = Debug|Any CPU
		{34A78D87-73CC-816E-1076-E7D2A8E0316D}.Release|Any CPU.ActiveCfg = Release|Any CPU
		{34A78D87-73CC-816E-1076-E7D2A8E0316D}.Release|Any CPU.Build.0 = Release|Any CPU
	EndGlobalSection
	GlobalSection(SolutionProperties) = preSolution
		HideSolutionNode = FALSE
	EndGlobalSection
EndGlobal
